
Microsoft Visual Studio Solution File, Format Version 12.00
# Visual Studio Version 17
VisualStudioVersion = 17.4.33213.308
MinimumVisualStudioVersion = 10.0.40219.1
Project("{FAE04EC0-301F-11D3-BF4B-00C04F79EFBC}") = "01_Hyperia Forex", "01_Hyperia Forex\01_Hyperia Forex.csproj", "{93A87E27-C99A-43D9-A8D3-FD7025AAC7CE}"
EndProject
Global
	GlobalSection(SolutionConfigurationPlatforms) = preSolution
		Debug|Any CPU = Debug|Any CPU
		Release|Any CPU = Release|Any CPU
	EndGlobalSection
	GlobalSection(ProjectConfigurationPlatforms) = postSolution
		{93A87E27-C99A-43D9-A8D3-FD7025AAC7CE}.Debug|Any CPU.ActiveCfg = Debug|Any CPU
		{93A87E27-C99A-43D9-A8D3-FD7025AAC7CE}.Debug|Any CPU.Build.0 = Debug|Any CPU
		{93A87E27-C99A-43D9-A8D3-FD7025AAC7CE}.Release|Any CPU.ActiveCfg = Release|Any CPU
		{93A87E27-C99A-43D9-A8D3-FD7025AAC7CE}.Release|Any CPU.Build.0 = Release|Any CPU
	EndGlobalSection
	GlobalSection(SolutionProperties) = preSolution
		HideSolutionNode = FALSE
	EndGlobalSection
	GlobalSection(ExtensibilityGlobals) = postSolution
		SolutionGuid = {7B6B2F13-D9F7-4066-B5A0-ABD70A731335}
	EndGlobalSection
EndGlobal
