
Microsoft Visual Studio Solution File, Format Version 12.00
# Visual Studio Version 17
VisualStudioVersion = 17.4.33205.214
MinimumVisualStudioVersion = 10.0.40219.1
Project("{FAE04EC0-301F-11D3-BF4B-00C04F79EFBC}") = "01_International Calling Connoisseur", "01_International Calling Connoisseur\01_International Calling Connoisseur.csproj", "{2224E1E2-BAD5-4039-AA3C-9DCA60C9DEE9}"
EndProject
Global
	GlobalSection(SolutionConfigurationPlatforms) = preSolution
		Debug|Any CPU = Debug|Any CPU
		Release|Any CPU = Release|Any CPU
	EndGlobalSection
	GlobalSection(ProjectConfigurationPlatforms) = postSolution
		{2224E1E2-BAD5-4039-AA3C-9DCA60C9DEE9}.Debug|Any CPU.ActiveCfg = Debug|Any CPU
		{2224E1E2-BAD5-4039-AA3C-9DCA60C9DEE9}.Debug|Any CPU.Build.0 = Debug|Any CPU
		{2224E1E2-BAD5-4039-AA3C-9DCA60C9DEE9}.Release|Any CPU.ActiveCfg = Release|Any CPU
		{2224E1E2-BAD5-4039-AA3C-9DCA60C9DEE9}.Release|Any CPU.Build.0 = Release|Any CPU
	EndGlobalSection
	GlobalSection(SolutionProperties) = preSolution
		HideSolutionNode = FALSE
	EndGlobalSection
	GlobalSection(ExtensibilityGlobals) = postSolution
		SolutionGuid = {EE440C29-68F6-49DE-80E3-1F9854A3DF54}
	EndGlobalSection
EndGlobal
