
Microsoft Visual Studio Solution File, Format Version 12.00
# Visual Studio Version 17
VisualStudioVersion = 17.3.32825.248
MinimumVisualStudioVersion = 10.0.40219.1
Project("{FAE04EC0-301F-11D3-BF4B-00C04F79EFBC}") = "01_ Interest is Interesting", "01_ Interest is Interesting\01_ Interest is Interesting.csproj", "{728A13C4-BB9C-4D58-BC45-6EF022EA5115}"
EndProject
Global
	GlobalSection(SolutionConfigurationPlatforms) = preSolution
		Debug|Any CPU = Debug|Any CPU
		Release|Any CPU = Release|Any CPU
	EndGlobalSection
	GlobalSection(ProjectConfigurationPlatforms) = postSolution
		{728A13C4-BB9C-4D58-BC45-6EF022EA5115}.Debug|Any CPU.ActiveCfg = Debug|Any CPU
		{728A13C4-BB9C-4D58-BC45-6EF022EA5115}.Debug|Any CPU.Build.0 = Debug|Any CPU
		{728A13C4-BB9C-4D58-BC45-6EF022EA5115}.Release|Any CPU.ActiveCfg = Release|Any CPU
		{728A13C4-BB9C-4D58-BC45-6EF022EA5115}.Release|Any CPU.Build.0 = Release|Any CPU
	EndGlobalSection
	GlobalSection(SolutionProperties) = preSolution
		HideSolutionNode = FALSE
	EndGlobalSection
	GlobalSection(ExtensibilityGlobals) = postSolution
		SolutionGuid = {7AB79C63-A004-4D03-B424-D7FC76365BE2}
	EndGlobalSection
EndGlobal
