
Microsoft Visual Studio Solution File, Format Version 12.00
# Visual Studio Version 17
VisualStudioVersion = 17.4.33205.214
MinimumVisualStudioVersion = 10.0.40219.1
Project("{FAE04EC0-301F-11D3-BF4B-00C04F79EFBC}") = "01_Calculator Conundrum", "01_Calculator Conundrum\01_Calculator Conundrum.csproj", "{F3BCDE36-7FB1-4282-896D-18AAD041DBC6}"
EndProject
Global
	GlobalSection(SolutionConfigurationPlatforms) = preSolution
		Debug|Any CPU = Debug|Any CPU
		Release|Any CPU = Release|Any CPU
	EndGlobalSection
	GlobalSection(ProjectConfigurationPlatforms) = postSolution
		{F3BCDE36-7FB1-4282-896D-18AAD041DBC6}.Debug|Any CPU.ActiveCfg = Debug|Any CPU
		{F3BCDE36-7FB1-4282-896D-18AAD041DBC6}.Debug|Any CPU.Build.0 = Debug|Any CPU
		{F3BCDE36-7FB1-4282-896D-18AAD041DBC6}.Release|Any CPU.ActiveCfg = Release|Any CPU
		{F3BCDE36-7FB1-4282-896D-18AAD041DBC6}.Release|Any CPU.Build.0 = Release|Any CPU
	EndGlobalSection
	GlobalSection(SolutionProperties) = preSolution
		HideSolutionNode = FALSE
	EndGlobalSection
	GlobalSection(ExtensibilityGlobals) = postSolution
		SolutionGuid = {C6533AD5-E174-440E-9511-39B6F6F13215}
	EndGlobalSection
EndGlobal
