
Microsoft Visual Studio Solution File, Format Version 12.00
# Visual Studio Version 17
VisualStudioVersion = 17.4.33205.214
MinimumVisualStudioVersion = 10.0.40219.1
Project("{FAE04EC0-301F-11D3-BF4B-00C04F79EFBC}") = "01_Wizards and Warriors", "01_Wizards and Warriors\01_Wizards and Warriors.csproj", "{1E6A54ED-9445-43F1-89AE-40475E3B7FA7}"
EndProject
Global
	GlobalSection(SolutionConfigurationPlatforms) = preSolution
		Debug|Any CPU = Debug|Any CPU
		Release|Any CPU = Release|Any CPU
	EndGlobalSection
	GlobalSection(ProjectConfigurationPlatforms) = postSolution
		{1E6A54ED-9445-43F1-89AE-40475E3B7FA7}.Debug|Any CPU.ActiveCfg = Debug|Any CPU
		{1E6A54ED-9445-43F1-89AE-40475E3B7FA7}.Debug|Any CPU.Build.0 = Debug|Any CPU
		{1E6A54ED-9445-43F1-89AE-40475E3B7FA7}.Release|Any CPU.ActiveCfg = Release|Any CPU
		{1E6A54ED-9445-43F1-89AE-40475E3B7FA7}.Release|Any CPU.Build.0 = Release|Any CPU
	EndGlobalSection
	GlobalSection(SolutionProperties) = preSolution
		HideSolutionNode = FALSE
	EndGlobalSection
	GlobalSection(ExtensibilityGlobals) = postSolution
		SolutionGuid = {82C5CC8F-0F05-4108-9E1B-068C30BFABA5}
	EndGlobalSection
EndGlobal
