
Microsoft Visual Studio Solution File, Format Version 12.00
# Visual Studio Version 17
VisualStudioVersion = 17.4.33205.214
MinimumVisualStudioVersion = 10.0.40219.1
Project("{FAE04EC0-301F-11D3-BF4B-00C04F79EFBC}") = "01_Roll the Die", "01_Roll the Die\01_Roll the Die.csproj", "{56A26065-F2F9-4EA6-BA60-5E3008E1B4F3}"
EndProject
Global
	GlobalSection(SolutionConfigurationPlatforms) = preSolution
		Debug|Any CPU = Debug|Any CPU
		Release|Any CPU = Release|Any CPU
	EndGlobalSection
	GlobalSection(ProjectConfigurationPlatforms) = postSolution
		{56A26065-F2F9-4EA6-BA60-5E3008E1B4F3}.Debug|Any CPU.ActiveCfg = Debug|Any CPU
		{56A26065-F2F9-4EA6-BA60-5E3008E1B4F3}.Debug|Any CPU.Build.0 = Debug|Any CPU
		{56A26065-F2F9-4EA6-BA60-5E3008E1B4F3}.Release|Any CPU.ActiveCfg = Release|Any CPU
		{56A26065-F2F9-4EA6-BA60-5E3008E1B4F3}.Release|Any CPU.Build.0 = Release|Any CPU
	EndGlobalSection
	GlobalSection(SolutionProperties) = preSolution
		HideSolutionNode = FALSE
	EndGlobalSection
	GlobalSection(ExtensibilityGlobals) = postSolution
		SolutionGuid = {BBA04C42-F794-4B91-B10F-D0D6030D6153}
	EndGlobalSection
EndGlobal
