
Microsoft Visual Studio Solution File, Format Version 12.00
# Visual Studio Version 17
VisualStudioVersion = 17.4.33205.214
MinimumVisualStudioVersion = 10.0.40219.1
Project("{FAE04EC0-301F-11D3-BF4B-00C04F79EFBC}") = "01_ Weighing Machine", "01_ Weighing Machine\01_ Weighing Machine.csproj", "{AD0EF919-8317-4D56-AEC9-A2C71CB71AFE}"
EndProject
Global
	GlobalSection(SolutionConfigurationPlatforms) = preSolution
		Debug|Any CPU = Debug|Any CPU
		Release|Any CPU = Release|Any CPU
	EndGlobalSection
	GlobalSection(ProjectConfigurationPlatforms) = postSolution
		{AD0EF919-8317-4D56-AEC9-A2C71CB71AFE}.Debug|Any CPU.ActiveCfg = Debug|Any CPU
		{AD0EF919-8317-4D56-AEC9-A2C71CB71AFE}.Debug|Any CPU.Build.0 = Debug|Any CPU
		{AD0EF919-8317-4D56-AEC9-A2C71CB71AFE}.Release|Any CPU.ActiveCfg = Release|Any CPU
		{AD0EF919-8317-4D56-AEC9-A2C71CB71AFE}.Release|Any CPU.Build.0 = Release|Any CPU
	EndGlobalSection
	GlobalSection(SolutionProperties) = preSolution
		HideSolutionNode = FALSE
	EndGlobalSection
	GlobalSection(ExtensibilityGlobals) = postSolution
		SolutionGuid = {005A35C6-B890-4CEF-9E26-3DEA6E398277}
	EndGlobalSection
EndGlobal
