
Microsoft Visual Studio Solution File, Format Version 12.00
# Visual Studio Version 17
VisualStudioVersion = 17.4.33205.214
MinimumVisualStudioVersion = 10.0.40219.1
Project("{FAE04EC0-301F-11D3-BF4B-00C04F79EFBC}") = "01_Tim from Marketing", "01_Tim from Marketing\01_Tim from Marketing.csproj", "{068F1A7C-327E-4C1C-901A-B7676F15E9AE}"
EndProject
Global
	GlobalSection(SolutionConfigurationPlatforms) = preSolution
		Debug|Any CPU = Debug|Any CPU
		Release|Any CPU = Release|Any CPU
	EndGlobalSection
	GlobalSection(ProjectConfigurationPlatforms) = postSolution
		{068F1A7C-327E-4C1C-901A-B7676F15E9AE}.Debug|Any CPU.ActiveCfg = Debug|Any CPU
		{068F1A7C-327E-4C1C-901A-B7676F15E9AE}.Debug|Any CPU.Build.0 = Debug|Any CPU
		{068F1A7C-327E-4C1C-901A-B7676F15E9AE}.Release|Any CPU.ActiveCfg = Release|Any CPU
		{068F1A7C-327E-4C1C-901A-B7676F15E9AE}.Release|Any CPU.Build.0 = Release|Any CPU
	EndGlobalSection
	GlobalSection(SolutionProperties) = preSolution
		HideSolutionNode = FALSE
	EndGlobalSection
	GlobalSection(ExtensibilityGlobals) = postSolution
		SolutionGuid = {D71A321E-878B-4E80-940E-89509BC0BC5F}
	EndGlobalSection
EndGlobal
